<?xml version="1.0" encoding="utf-8"?>
<Project ToolsVersion="4.0" xmlns="http://schemas.microsoft.com/developer/msbuild/2003">
  <ItemGroup>
    <Filter Include="Source Files">
      <UniqueIdentifier>{4FC737F1-C7A5-4376-A066-2A32D752A2FF}</UniqueIdentifier>
      <Extensions>cpp;c;cc;cxx;def;odl;idl;hpj;bat;asm;asmx</Extensions>
    </Filter>
    <Filter Include="Header Files">
      <UniqueIdentifier>{93995380-89BD-4b04-88EB-625FBE52EBFB}</UniqueIdentifier>
      <Extensions>h;hh;hpp;hxx;hm;inl;inc;xsd</Extensions>
    </Filter>
    <Filter Include="Resource Files">
      <UniqueIdentifier>{67DA6AB6-F800-4c08-8B7A-83BB121AAD01}</UniqueIdentifier>
      <Extensions>rc;ico;cur;bmp;dlg;rc2;rct;bin;rgs;gif;jpg;jpeg;jpe;resx;tiff;tif;png;wav;mfcribbon-ms</Extensions>
    </Filter>
  </ItemGroup>
  <ItemGroup>
    <Text Include="ReadMe.txt" />
  </ItemGroup>
  <ItemGroup>
    <ClInclude Include="stdafx.h">
      <Filter>Header Files</Filter>
    </ClInclude>
    <ClInclude Include="targetver.h">
      <Filter>Header Files</Filter>
    </ClInclude>
    <ClInclude Include="DataAllZeros.h">
      <Filter>Header Files</Filter>
    </ClInclude>
    <ClInclude Include="DataGenerator.h">
      <Filter>Header Files</Filter>
    </ClInclude>
    <ClInclude Include="DataRandom.h">
      <Filter>Header Files</Filter>
    </ClInclude>
    <ClInclude Include="DataReverseSorted.h">
      <Filter>Header Files</Filter>
    </ClInclude>
    <ClInclude Include="DataSorted.h">
      <Filter>Header Files</Filter>
    </ClInclude>
    <ClInclude Include="InsertionSort.h">
      <Filter>Header Files</Filter>
    </ClInclude>
    <ClInclude Include="LinkedList.h">
      <Filter>Header Files</Filter>
    </ClInclude>
    <ClInclude Include="ListSorter.h">
      <Filter>Header Files</Filter>
    </ClInclude>
    <ClInclude Include="MergeSort.h">
      <Filter>Header Files</Filter>
    </ClInclude>
    <ClInclude Include="Node.h">
      <Filter>Header Files</Filter>
    </ClInclude>
    <ClInclude Include="QuickSortOptimal.h">
      <Filter>Header Files</Filter>
    </ClInclude>
    <ClInclude Include="QuickSortSuboptimal.h">
      <Filter>Header Files</Filter>
    </ClInclude>
    <ClInclude Include="QuickSorter.h">
      <Filter>Header Files</Filter>
    </ClInclude>
    <ClInclude Include="SelectionSort.h">
      <Filter>Header Files</Filter>
    </ClInclude>
    <ClInclude Include="ShellSortOptimal.h">
      <Filter>Header Files</Filter>
    </ClInclude>
    <ClInclude Include="ShellSortSuboptimal.h">
      <Filter>Header Files</Filter>
    </ClInclude>
    <ClInclude Include="Sorter.h">
      <Filter>Header Files</Filter>
    </ClInclude>
    <ClInclude Include="VectorSorter.h">
      <Filter>Header Files</Filter>
    </ClInclude>
  </ItemGroup>
  <ItemGroup>
    <ClCompile Include="stdafx.cpp">
      <Filter>Source Files</Filter>
    </ClCompile>
    <ClCompile Include="ListSorter.cpp">
      <Filter>Source Files</Filter>
    </ClCompile>
    <ClCompile Include="SelectionSort.cpp">
      <Filter>Source Files</Filter>
    </ClCompile>
    <ClCompile Include="SortTests.cpp">
      <Filter>Source Files</Filter>
    </ClCompile>
    <ClCompile Include="Sorter.cpp">
      <Filter>Source Files</Filter>
    </ClCompile>
    <ClCompile Include="VectorSorter.cpp">
      <Filter>Source Files</Filter>
    </ClCompile>
    <ClCompile Include="InsertionSort.cpp">
      <Filter>Source Files</Filter>
    </ClCompile>
    <ClCompile Include="LinkedList.cpp">
      <Filter>Source Files</Filter>
    </ClCompile>
    <ClCompile Include="MergeSort.cpp">
      <Filter>Source Files</Filter>
    </ClCompile>
    <ClCompile Include="QuickSortOptimal.cpp">
      <Filter>Source Files</Filter>
    </ClCompile>
    <ClCompile Include="QuickSortSuboptimal.cpp">
      <Filter>Source Files</Filter>
    </ClCompile>
    <ClCompile Include="QuickSorter.cpp">
      <Filter>Source Files</Filter>
    </ClCompile>
    <ClCompile Include="ShellSortOptimal.cpp">
      <Filter>Source Files</Filter>
    </ClCompile>
    <ClCompile Include="ShellSortSuboptimal.cpp">
      <Filter>Source Files</Filter>
    </ClCompile>
  </ItemGroup>
</Project>